PODS:
  - CatalogByConvention (2.0.0)
  - MaterialComponents/Typography (19.0.4)
  - MDFFontDiskLoader (1.0.0)
  - MDFRobotoFontLoader (1.3.0):
    - MDFRobotoFontLoader/RobotoFontLoader (= 1.3.0)
  - MDFRobotoFontLoader/MDCTypographyAdditions (1.3.0):
    - MaterialComponents/Typography
    - MDFRobotoFontLoader/RobotoFontLoader
  - MDFRobotoFontLoader/RobotoFontLoader (1.3.0):
    - MDFFontDiskLoader

DEPENDENCIES:
  - CatalogByConvention
  - MDFRobotoFontLoader (from `../../../`)
  - MDFRobotoFontLoader/MDCTypographyAdditions (from `../../../`)

EXTERNAL SOURCES:
  MDFRobotoFontLoader:
    :path: "../../../"

SPEC CHECKSUMS:
  CatalogByConvention: be55c2263132e4f9f59299ac8a528ee8715b3275
  MaterialComponents: bd2bbd4e8631c6a560100848c7d2a864e61b6716
  MDFFontDiskLoader: 95d6c92c644f24897dee5a860973b0da4d9a1ce4
  MDFRobotoFontLoader: 148559b202f4b67e3670f6a7c707e7b0626b1e5d

PODFILE CHECKSUM: 97c787a870cd8a25dc21de6af6e774b386b1683d

COCOAPODS: 1.1.1
