PODS:
  - MDFFontDiskLoader (1.0.0)
  - MDFRobotoFontLoader (1.0.0):
    - MDFFontDiskLoader

DEPENDENCIES:
  - MDFFontDiskLoader (from `../../../../material-font-disk-loader-ios/`)
  - MDFRobotoFontLoader (from `../../../`)

EXTERNAL SOURCES:
  MDFFontDiskLoader:
    :path: "../../../../material-font-disk-loader-ios/"
  MDFRobotoFontLoader:
    :path: "../../../"

SPEC CHECKSUMS:
  MDFFontDiskLoader: b5c610d2d8112f28e9fbfbf4b172800a7c58ea69
  MDFRobotoFontLoader: 390fb6242e4003bc50bf7b24ccca074092524a9e

PODFILE CHECKSUM: e715a4a9a5071ca2cea5ec01399ae9b7e075fc3b

COCOAPODS: 1.0.1
